
Microsoft Visual Studio Solution File, Format Version 12.00
# Visual Studio Version 17
VisualStudioVersion = 17.10.35027.167
MinimumVisualStudioVersion = 10.0.40219.1
Project("{2150E333-8FDC-42A3-9474-1A3956D46DE8}") = "src", "src", "{FAB7ED02-77D1-4B8C-B43E-33035C8DF128}"
EndProject
Project("{2150E333-8FDC-42A3-9474-1A3956D46DE8}") = "tests", "tests", "{46C3AB19-9CDC-4A88-BD8D-2498B94D5828}"
	ProjectSection(SolutionItems) = preProject
		CashFlow.Infrastructure\DependencyInjectionExtension.cs = CashFlow.Infrastructure\DependencyInjectionExtension.cs
	EndProjectSection
EndProject
Project("{9A19103F-16F7-4668-BE54-9A1E7A4F7556}") = "CashFlow.Api", "src\CashFlow.Api\CashFlow.Api.csproj", "{371442AE-4B88-4C43-9FD8-71092A0129AA}"
EndProject
Project("{9A19103F-16F7-4668-BE54-9A1E7A4F7556}") = "CashFlow.Domain", "src\CashFlow.Domain\CashFlow.Domain.csproj", "{2A35872C-2B5A-4D3F-9D0E-3768C7A17655}"
EndProject
Project("{9A19103F-16F7-4668-BE54-9A1E7A4F7556}") = "CashFlow.Application", "src\CashFlow.Application\CashFlow.Application.csproj", "{D3867110-8805-46C7-BBCB-F16E7B08EA3D}"
EndProject
Project("{9A19103F-16F7-4668-BE54-9A1E7A4F7556}") = "CashFlow.Communication", "src\CashFlow.Communication\CashFlow.Communication.csproj", "{09940343-9D40-4740-8946-E1AFBAE201F4}"
EndProject
Project("{9A19103F-16F7-4668-BE54-9A1E7A4F7556}") = "CashFlow.Exception", "src\CashFlow.Exception\CashFlow.Exception.csproj", "{E2FA921E-9A02-4080-A2F9-9E0335BD870E}"
EndProject
Project("{9A19103F-16F7-4668-BE54-9A1E7A4F7556}") = "Validators.Tests", "tests\Validators.Tests\Validators.Tests.csproj", "{EAD76F50-5265-4FB4-8C9F-A835C33692C8}"
EndProject
Project("{9A19103F-16F7-4668-BE54-9A1E7A4F7556}") = "CommonTestUtilities", "tests\CommonTestUtilities\CommonTestUtilities.csproj", "{4D428395-813F-47E3-AF36-2911E8509507}"
EndProject
Project("{FAE04EC0-301F-11D3-BF4B-00C04F79EFBC}") = "CashFlow.Infrastructure", "src\CashFlow.Infrastructure\CashFlow.Infrastructure.csproj", "{EBAED20E-2566-450F-A05C-D9C765F00552}"
EndProject
Project("{FAE04EC0-301F-11D3-BF4B-00C04F79EFBC}") = "UseCases.Test", "tests\UseCases.Test\UseCases.Test.csproj", "{1BA65157-31CB-E006-ADA6-72E463370EAD}"
EndProject
Project("{FAE04EC0-301F-11D3-BF4B-00C04F79EFBC}") = "WebApi.Test", "tests\WebApi.Test\WebApi.Test.csproj", "{31F37A73-051E-740D-8E8C-3C0AEB032C04}"
EndProject
Global
	GlobalSection(SolutionConfigurationPlatforms) = preSolution
		Debug|Any CPU = Debug|Any CPU
		Release|Any CPU = Release|Any CPU
	EndGlobalSection
	GlobalSection(ProjectConfigurationPlatforms) = postSolution
		{371442AE-4B88-4C43-9FD8-71092A0129AA}.Debug|Any CPU.ActiveCfg = Debug|Any CPU
		{371442AE-4B88-4C43-9FD8-71092A0129AA}.Debug|Any CPU.Build.0 = Debug|Any CPU
		{371442AE-4B88-4C43-9FD8-71092A0129AA}.Release|Any CPU.ActiveCfg = Release|Any CPU
		{371442AE-4B88-4C43-9FD8-71092A0129AA}.Release|Any CPU.Build.0 = Release|Any CPU
		{2A35872C-2B5A-4D3F-9D0E-3768C7A17655}.Debug|Any CPU.ActiveCfg = Debug|Any CPU
		{2A35872C-2B5A-4D3F-9D0E-3768C7A17655}.Debug|Any CPU.Build.0 = Debug|Any CPU
		{2A35872C-2B5A-4D3F-9D0E-3768C7A17655}.Release|Any CPU.ActiveCfg = Release|Any CPU
		{2A35872C-2B5A-4D3F-9D0E-3768C7A17655}.Release|Any CPU.Build.0 = Release|Any CPU
		{D3867110-8805-46C7-BBCB-F16E7B08EA3D}.Debug|Any CPU.ActiveCfg = Debug|Any CPU
		{D3867110-8805-46C7-BBCB-F16E7B08EA3D}.Debug|Any CPU.Build.0 = Debug|Any CPU
		{D3867110-8805-46C7-BBCB-F16E7B08EA3D}.Release|Any CPU.ActiveCfg = Release|Any CPU
		{D3867110-8805-46C7-BBCB-F16E7B08EA3D}.Release|Any CPU.Build.0 = Release|Any CPU
		{09940343-9D40-4740-8946-E1AFBAE201F4}.Debug|Any CPU.ActiveCfg = Debug|Any CPU
		{09940343-9D40-4740-8946-E1AFBAE201F4}.Debug|Any CPU.Build.0 = Debug|Any CPU
		{09940343-9D40-4740-8946-E1AFBAE201F4}.Release|Any CPU.ActiveCfg = Release|Any CPU
		{09940343-9D40-4740-8946-E1AFBAE201F4}.Release|Any CPU.Build.0 = Release|Any CPU
		{E2FA921E-9A02-4080-A2F9-9E0335BD870E}.Debug|Any CPU.ActiveCfg = Debug|Any CPU
		{E2FA921E-9A02-4080-A2F9-9E0335BD870E}.Debug|Any CPU.Build.0 = Debug|Any CPU
		{E2FA921E-9A02-4080-A2F9-9E0335BD870E}.Release|Any CPU.ActiveCfg = Release|Any CPU
		{E2FA921E-9A02-4080-A2F9-9E0335BD870E}.Release|Any CPU.Build.0 = Release|Any CPU
		{EAD76F50-5265-4FB4-8C9F-A835C33692C8}.Debug|Any CPU.ActiveCfg = Debug|Any CPU
		{EAD76F50-5265-4FB4-8C9F-A835C33692C8}.Debug|Any CPU.Build.0 = Debug|Any CPU
		{EAD76F50-5265-4FB4-8C9F-A835C33692C8}.Release|Any CPU.ActiveCfg = Release|Any CPU
		{EAD76F50-5265-4FB4-8C9F-A835C33692C8}.Release|Any CPU.Build.0 = Release|Any CPU
		{4D428395-813F-47E3-AF36-2911E8509507}.Debug|Any CPU.ActiveCfg = Debug|Any CPU
		{4D428395-813F-47E3-AF36-2911E8509507}.Debug|Any CPU.Build.0 = Debug|Any CPU
		{4D428395-813F-47E3-AF36-2911E8509507}.Release|Any CPU.ActiveCfg = Release|Any CPU
		{4D428395-813F-47E3-AF36-2911E8509507}.Release|Any CPU.Build.0 = Release|Any CPU
		{EBAED20E-2566-450F-A05C-D9C765F00552}.Debug|Any CPU.ActiveCfg = Debug|Any CPU
		{EBAED20E-2566-450F-A05C-D9C765F00552}.Debug|Any CPU.Build.0 = Debug|Any CPU
		{EBAED20E-2566-450F-A05C-D9C765F00552}.Release|Any CPU.ActiveCfg = Release|Any CPU
		{EBAED20E-2566-450F-A05C-D9C765F00552}.Release|Any CPU.Build.0 = Release|Any CPU
		{1BA65157-31CB-E006-ADA6-72E463370EAD}.Debug|Any CPU.ActiveCfg = Debug|Any CPU
		{1BA65157-31CB-E006-ADA6-72E463370EAD}.Debug|Any CPU.Build.0 = Debug|Any CPU
		{1BA65157-31CB-E006-ADA6-72E463370EAD}.Release|Any CPU.ActiveCfg = Release|Any CPU
		{1BA65157-31CB-E006-ADA6-72E463370EAD}.Release|Any CPU.Build.0 = Release|Any CPU
		{31F37A73-051E-740D-8E8C-3C0AEB032C04}.Debug|Any CPU.ActiveCfg = Debug|Any CPU
		{31F37A73-051E-740D-8E8C-3C0AEB032C04}.Debug|Any CPU.Build.0 = Debug|Any CPU
		{31F37A73-051E-740D-8E8C-3C0AEB032C04}.Release|Any CPU.ActiveCfg = Release|Any CPU
		{31F37A73-051E-740D-8E8C-3C0AEB032C04}.Release|Any CPU.Build.0 = Release|Any CPU
	EndGlobalSection
	GlobalSection(SolutionProperties) = preSolution
		HideSolutionNode = FALSE
	EndGlobalSection
	GlobalSection(NestedProjects) = preSolution
		{371442AE-4B88-4C43-9FD8-71092A0129AA} = {FAB7ED02-77D1-4B8C-B43E-33035C8DF128}
		{2A35872C-2B5A-4D3F-9D0E-3768C7A17655} = {FAB7ED02-77D1-4B8C-B43E-33035C8DF128}
		{D3867110-8805-46C7-BBCB-F16E7B08EA3D} = {FAB7ED02-77D1-4B8C-B43E-33035C8DF128}
		{09940343-9D40-4740-8946-E1AFBAE201F4} = {FAB7ED02-77D1-4B8C-B43E-33035C8DF128}
		{E2FA921E-9A02-4080-A2F9-9E0335BD870E} = {FAB7ED02-77D1-4B8C-B43E-33035C8DF128}
		{EAD76F50-5265-4FB4-8C9F-A835C33692C8} = {46C3AB19-9CDC-4A88-BD8D-2498B94D5828}
		{4D428395-813F-47E3-AF36-2911E8509507} = {46C3AB19-9CDC-4A88-BD8D-2498B94D5828}
		{EBAED20E-2566-450F-A05C-D9C765F00552} = {FAB7ED02-77D1-4B8C-B43E-33035C8DF128}
		{1BA65157-31CB-E006-ADA6-72E463370EAD} = {46C3AB19-9CDC-4A88-BD8D-2498B94D5828}
		{31F37A73-051E-740D-8E8C-3C0AEB032C04} = {46C3AB19-9CDC-4A88-BD8D-2498B94D5828}
	EndGlobalSection
	GlobalSection(ExtensibilityGlobals) = postSolution
		SolutionGuid = {B951B8B0-2B39-441D-87C3-F226B4C6A205}
	EndGlobalSection
EndGlobal
